
Microsoft Visual Studio Solution File, Format Version 12.00
# Visual Studio Version 17
VisualStudioVersion = 17.8.34525.116
MinimumVisualStudioVersion = 10.0.40219.1
Project("{FAE04EC0-301F-11D3-BF4B-00C04F79EFBC}") = "SkyAirApi", "SkyAirApi\SkyAirApi.csproj", "{8FF278A1-40FE-4DB7-9F5B-709043C6F9C3}"
EndProject
Global
	GlobalSection(SolutionConfigurationPlatforms) = preSolution
		Debug|Any CPU = Debug|Any CPU
		Release|Any CPU = Release|Any CPU
	EndGlobalSection
	GlobalSection(ProjectConfigurationPlatforms) = postSolution
		{8FF278A1-40FE-4DB7-9F5B-709043C6F9C3}.Debug|Any CPU.ActiveCfg = Debug|Any CPU
		{8FF278A1-40FE-4DB7-9F5B-709043C6F9C3}.Debug|Any CPU.Build.0 = Debug|Any CPU
		{8FF278A1-40FE-4DB7-9F5B-709043C6F9C3}.Release|Any CPU.ActiveCfg = Release|Any CPU
		{8FF278A1-40FE-4DB7-9F5B-709043C6F9C3}.Release|Any CPU.Build.0 = Release|Any CPU
	EndGlobalSection
	GlobalSection(SolutionProperties) = preSolution
		HideSolutionNode = FALSE
	EndGlobalSection
	GlobalSection(ExtensibilityGlobals) = postSolution
		SolutionGuid = {3582F3B1-4F6F-4538-A38D-9264613B09A5}
	EndGlobalSection
EndGlobal
